
Microsoft Visual Studio Solution File, Format Version 12.00
Project("{2150E333-8FDC-42A3-9474-1A3956D46DE8}") = "BuildingBlocks", "BuildingBlocks", "{B7296D11-F57B-40B1-84D6-DDB50A1ABE46}"
EndProject
Project("{2150E333-8FDC-42A3-9474-1A3956D46DE8}") = "Hosts", "Hosts", "{DF7C36B4-BFA1-4F07-B1C6-FF8713EA6B25}"
EndProject
Project("{2150E333-8FDC-42A3-9474-1A3956D46DE8}") = "Modules", "Modules", "{3079F4B0-A001-4992-BB75-C11F95EA1E7C}"
EndProject
Project("{FAE04EC0-301F-11D3-BF4B-00C04F79EFBC}") = "AssetManagement.Application", "BuildingBlocks\AssetManagement.Application\AssetManagement.Application.csproj", "{5AA06C19-13E2-4E57-BA8D-C9E8E32C53E0}"
EndProject
Project("{FAE04EC0-301F-11D3-BF4B-00C04F79EFBC}") = "AssetManagement.CrossCuttingConcerns", "BuildingBlocks\AssetManagement.CrossCuttingConcerns\AssetManagement.CrossCuttingConcerns.csproj", "{1CF999E4-D6E6-4D23-97B4-BB7B59217C76}"
EndProject
Project("{FAE04EC0-301F-11D3-BF4B-00C04F79EFBC}") = "AssetManagement.Domain", "BuildingBlocks\AssetManagement.Domain\AssetManagement.Domain.csproj", "{7B5CB7F2-8CEA-43F9-AC00-08A33928B1DE}"
EndProject
Project("{FAE04EC0-301F-11D3-BF4B-00C04F79EFBC}") = "AssetManagement.Infrastructure", "BuildingBlocks\AssetManagement.Infrastructure\AssetManagement.Infrastructure.csproj", "{48F4191C-F501-4AB0-AD6F-F7E2E7B8EC48}"
EndProject
Project("{2150E333-8FDC-42A3-9474-1A3956D46DE8}") = "Assets", "Assets", "{613FBF4E-131C-40C9-99D2-3B7EC9CD9696}"
EndProject
Project("{FAE04EC0-301F-11D3-BF4B-00C04F79EFBC}") = "AssetManagement.Modules.Assets.Application", "Modules\Assets\AssetManagement.Modules.Assets.Application\AssetManagement.Modules.Assets.Application.csproj", "{82F11D55-548A-4A72-8587-B1A7F9265AD7}"
EndProject
Project("{FAE04EC0-301F-11D3-BF4B-00C04F79EFBC}") = "AssetManagement.Modules.Assets.Domain", "Modules\Assets\AssetManagement.Modules.Assets.Domain\AssetManagement.Modules.Assets.Domain.csproj", "{2A8581C4-FC03-46AF-A62D-59F339965E80}"
EndProject
Project("{FAE04EC0-301F-11D3-BF4B-00C04F79EFBC}") = "AssetManagement.Modules.Assets.Infrastructure", "Modules\Assets\AssetManagement.Modules.Assets.Infrastructure\AssetManagement.Modules.Assets.Infrastructure.csproj", "{8E2A1B5C-6A9E-4436-9EE9-8D8D44B144EA}"
EndProject
Project("{FAE04EC0-301F-11D3-BF4B-00C04F79EFBC}") = "AssetManagement.Modules.Assets.IntegrationEvents", "Modules\Assets\AssetManagement.Modules.Assets.IntegrationEvents\AssetManagement.Modules.Assets.IntegrationEvents.csproj", "{B0283103-4325-4768-ABE7-83292F0EDAED}"
EndProject
Project("{FAE04EC0-301F-11D3-BF4B-00C04F79EFBC}") = "AssetManagement.WebAPI", "Hosts\AssetManagement.WebAPI\AssetManagement.WebAPI.csproj", "{FF08BEB6-D4EE-4D55-944C-D8FA2D6C3123}"
EndProject
Project("{FAE04EC0-301F-11D3-BF4B-00C04F79EFBC}") = "AssetManagement.Migrator", "Hosts\AssetManagement.Migrator\AssetManagement.Migrator.csproj", "{237D02D6-2715-44CC-9CDA-6FAD93D7D360}"
EndProject
Global
	GlobalSection(SolutionConfigurationPlatforms) = preSolution
		Debug|Any CPU = Debug|Any CPU
		Debug|x64 = Debug|x64
		Debug|x86 = Debug|x86
		Release|Any CPU = Release|Any CPU
		Release|x64 = Release|x64
		Release|x86 = Release|x86
	EndGlobalSection
	GlobalSection(ProjectConfigurationPlatforms) = postSolution
		{5AA06C19-13E2-4E57-BA8D-C9E8E32C53E0}.Debug|Any CPU.ActiveCfg = Debug|Any CPU
		{5AA06C19-13E2-4E57-BA8D-C9E8E32C53E0}.Debug|Any CPU.Build.0 = Debug|Any CPU
		{5AA06C19-13E2-4E57-BA8D-C9E8E32C53E0}.Debug|x64.ActiveCfg = Debug|Any CPU
		{5AA06C19-13E2-4E57-BA8D-C9E8E32C53E0}.Debug|x64.Build.0 = Debug|Any CPU
		{5AA06C19-13E2-4E57-BA8D-C9E8E32C53E0}.Debug|x86.ActiveCfg = Debug|Any CPU
		{5AA06C19-13E2-4E57-BA8D-C9E8E32C53E0}.Debug|x86.Build.0 = Debug|Any CPU
		{5AA06C19-13E2-4E57-BA8D-C9E8E32C53E0}.Release|Any CPU.ActiveCfg = Release|Any CPU
		{5AA06C19-13E2-4E57-BA8D-C9E8E32C53E0}.Release|Any CPU.Build.0 = Release|Any CPU
		{5AA06C19-13E2-4E57-BA8D-C9E8E32C53E0}.Release|x64.ActiveCfg = Release|Any CPU
		{5AA06C19-13E2-4E57-BA8D-C9E8E32C53E0}.Release|x64.Build.0 = Release|Any CPU
		{5AA06C19-13E2-4E57-BA8D-C9E8E32C53E0}.Release|x86.ActiveCfg = Release|Any CPU
		{5AA06C19-13E2-4E57-BA8D-C9E8E32C53E0}.Release|x86.Build.0 = Release|Any CPU
		{1CF999E4-D6E6-4D23-97B4-BB7B59217C76}.Debug|Any CPU.ActiveCfg = Debug|Any CPU
		{1CF999E4-D6E6-4D23-97B4-BB7B59217C76}.Debug|Any CPU.Build.0 = Debug|Any CPU
		{1CF999E4-D6E6-4D23-97B4-BB7B59217C76}.Debug|x64.ActiveCfg = Debug|Any CPU
		{1CF999E4-D6E6-4D23-97B4-BB7B59217C76}.Debug|x64.Build.0 = Debug|Any CPU
		{1CF999E4-D6E6-4D23-97B4-BB7B59217C76}.Debug|x86.ActiveCfg = Debug|Any CPU
		{1CF999E4-D6E6-4D23-97B4-BB7B59217C76}.Debug|x86.Build.0 = Debug|Any CPU
		{1CF999E4-D6E6-4D23-97B4-BB7B59217C76}.Release|Any CPU.ActiveCfg = Release|Any CPU
		{1CF999E4-D6E6-4D23-97B4-BB7B59217C76}.Release|Any CPU.Build.0 = Release|Any CPU
		{1CF999E4-D6E6-4D23-97B4-BB7B59217C76}.Release|x64.ActiveCfg = Release|Any CPU
		{1CF999E4-D6E6-4D23-97B4-BB7B59217C76}.Release|x64.Build.0 = Release|Any CPU
		{1CF999E4-D6E6-4D23-97B4-BB7B59217C76}.Release|x86.ActiveCfg = Release|Any CPU
		{1CF999E4-D6E6-4D23-97B4-BB7B59217C76}.Release|x86.Build.0 = Release|Any CPU
		{7B5CB7F2-8CEA-43F9-AC00-08A33928B1DE}.Debug|Any CPU.ActiveCfg = Debug|Any CPU
		{7B5CB7F2-8CEA-43F9-AC00-08A33928B1DE}.Debug|Any CPU.Build.0 = Debug|Any CPU
		{7B5CB7F2-8CEA-43F9-AC00-08A33928B1DE}.Debug|x64.ActiveCfg = Debug|Any CPU
		{7B5CB7F2-8CEA-43F9-AC00-08A33928B1DE}.Debug|x64.Build.0 = Debug|Any CPU
		{7B5CB7F2-8CEA-43F9-AC00-08A33928B1DE}.Debug|x86.ActiveCfg = Debug|Any CPU
		{7B5CB7F2-8CEA-43F9-AC00-08A33928B1DE}.Debug|x86.Build.0 = Debug|Any CPU
		{7B5CB7F2-8CEA-43F9-AC00-08A33928B1DE}.Release|Any CPU.ActiveCfg = Release|Any CPU
		{7B5CB7F2-8CEA-43F9-AC00-08A33928B1DE}.Release|Any CPU.Build.0 = Release|Any CPU
		{7B5CB7F2-8CEA-43F9-AC00-08A33928B1DE}.Release|x64.ActiveCfg = Release|Any CPU
		{7B5CB7F2-8CEA-43F9-AC00-08A33928B1DE}.Release|x64.Build.0 = Release|Any CPU
		{7B5CB7F2-8CEA-43F9-AC00-08A33928B1DE}.Release|x86.ActiveCfg = Release|Any CPU
		{7B5CB7F2-8CEA-43F9-AC00-08A33928B1DE}.Release|x86.Build.0 = Release|Any CPU
		{48F4191C-F501-4AB0-AD6F-F7E2E7B8EC48}.Debug|Any CPU.ActiveCfg = Debug|Any CPU
		{48F4191C-F501-4AB0-AD6F-F7E2E7B8EC48}.Debug|Any CPU.Build.0 = Debug|Any CPU
		{48F4191C-F501-4AB0-AD6F-F7E2E7B8EC48}.Debug|x64.ActiveCfg = Debug|Any CPU
		{48F4191C-F501-4AB0-AD6F-F7E2E7B8EC48}.Debug|x64.Build.0 = Debug|Any CPU
		{48F4191C-F501-4AB0-AD6F-F7E2E7B8EC48}.Debug|x86.ActiveCfg = Debug|Any CPU
		{48F4191C-F501-4AB0-AD6F-F7E2E7B8EC48}.Debug|x86.Build.0 = Debug|Any CPU
		{48F4191C-F501-4AB0-AD6F-F7E2E7B8EC48}.Release|Any CPU.ActiveCfg = Release|Any CPU
		{48F4191C-F501-4AB0-AD6F-F7E2E7B8EC48}.Release|Any CPU.Build.0 = Release|Any CPU
		{48F4191C-F501-4AB0-AD6F-F7E2E7B8EC48}.Release|x64.ActiveCfg = Release|Any CPU
		{48F4191C-F501-4AB0-AD6F-F7E2E7B8EC48}.Release|x64.Build.0 = Release|Any CPU
		{48F4191C-F501-4AB0-AD6F-F7E2E7B8EC48}.Release|x86.ActiveCfg = Release|Any CPU
		{48F4191C-F501-4AB0-AD6F-F7E2E7B8EC48}.Release|x86.Build.0 = Release|Any CPU
		{82F11D55-548A-4A72-8587-B1A7F9265AD7}.Debug|Any CPU.ActiveCfg = Debug|Any CPU
		{82F11D55-548A-4A72-8587-B1A7F9265AD7}.Debug|Any CPU.Build.0 = Debug|Any CPU
		{82F11D55-548A-4A72-8587-B1A7F9265AD7}.Debug|x64.ActiveCfg = Debug|Any CPU
		{82F11D55-548A-4A72-8587-B1A7F9265AD7}.Debug|x64.Build.0 = Debug|Any CPU
		{82F11D55-548A-4A72-8587-B1A7F9265AD7}.Debug|x86.ActiveCfg = Debug|Any CPU
		{82F11D55-548A-4A72-8587-B1A7F9265AD7}.Debug|x86.Build.0 = Debug|Any CPU
		{82F11D55-548A-4A72-8587-B1A7F9265AD7}.Release|Any CPU.ActiveCfg = Release|Any CPU
		{82F11D55-548A-4A72-8587-B1A7F9265AD7}.Release|Any CPU.Build.0 = Release|Any CPU
		{82F11D55-548A-4A72-8587-B1A7F9265AD7}.Release|x64.ActiveCfg = Release|Any CPU
		{82F11D55-548A-4A72-8587-B1A7F9265AD7}.Release|x64.Build.0 = Release|Any CPU
		{82F11D55-548A-4A72-8587-B1A7F9265AD7}.Release|x86.ActiveCfg = Release|Any CPU
		{82F11D55-548A-4A72-8587-B1A7F9265AD7}.Release|x86.Build.0 = Release|Any CPU
		{2A8581C4-FC03-46AF-A62D-59F339965E80}.Debug|Any CPU.ActiveCfg = Debug|Any CPU
		{2A8581C4-FC03-46AF-A62D-59F339965E80}.Debug|Any CPU.Build.0 = Debug|Any CPU
		{2A8581C4-FC03-46AF-A62D-59F339965E80}.Debug|x64.ActiveCfg = Debug|Any CPU
		{2A8581C4-FC03-46AF-A62D-59F339965E80}.Debug|x64.Build.0 = Debug|Any CPU
		{2A8581C4-FC03-46AF-A62D-59F339965E80}.Debug|x86.ActiveCfg = Debug|Any CPU
		{2A8581C4-FC03-46AF-A62D-59F339965E80}.Debug|x86.Build.0 = Debug|Any CPU
		{2A8581C4-FC03-46AF-A62D-59F339965E80}.Release|Any CPU.ActiveCfg = Release|Any CPU
		{2A8581C4-FC03-46AF-A62D-59F339965E80}.Release|Any CPU.Build.0 = Release|Any CPU
		{2A8581C4-FC03-46AF-A62D-59F339965E80}.Release|x64.ActiveCfg = Release|Any CPU
		{2A8581C4-FC03-46AF-A62D-59F339965E80}.Release|x64.Build.0 = Release|Any CPU
		{2A8581C4-FC03-46AF-A62D-59F339965E80}.Release|x86.ActiveCfg = Release|Any CPU
		{2A8581C4-FC03-46AF-A62D-59F339965E80}.Release|x86.Build.0 = Release|Any CPU
		{8E2A1B5C-6A9E-4436-9EE9-8D8D44B144EA}.Debug|Any CPU.ActiveCfg = Debug|Any CPU
		{8E2A1B5C-6A9E-4436-9EE9-8D8D44B144EA}.Debug|Any CPU.Build.0 = Debug|Any CPU
		{8E2A1B5C-6A9E-4436-9EE9-8D8D44B144EA}.Debug|x64.ActiveCfg = Debug|Any CPU
		{8E2A1B5C-6A9E-4436-9EE9-8D8D44B144EA}.Debug|x64.Build.0 = Debug|Any CPU
		{8E2A1B5C-6A9E-4436-9EE9-8D8D44B144EA}.Debug|x86.ActiveCfg = Debug|Any CPU
		{8E2A1B5C-6A9E-4436-9EE9-8D8D44B144EA}.Debug|x86.Build.0 = Debug|Any CPU
		{8E2A1B5C-6A9E-4436-9EE9-8D8D44B144EA}.Release|Any CPU.ActiveCfg = Release|Any CPU
		{8E2A1B5C-6A9E-4436-9EE9-8D8D44B144EA}.Release|Any CPU.Build.0 = Release|Any CPU
		{8E2A1B5C-6A9E-4436-9EE9-8D8D44B144EA}.Release|x64.ActiveCfg = Release|Any CPU
		{8E2A1B5C-6A9E-4436-9EE9-8D8D44B144EA}.Release|x64.Build.0 = Release|Any CPU
		{8E2A1B5C-6A9E-4436-9EE9-8D8D44B144EA}.Release|x86.ActiveCfg = Release|Any CPU
		{8E2A1B5C-6A9E-4436-9EE9-8D8D44B144EA}.Release|x86.Build.0 = Release|Any CPU
		{B0283103-4325-4768-ABE7-83292F0EDAED}.Debug|Any CPU.ActiveCfg = Debug|Any CPU
		{B0283103-4325-4768-ABE7-83292F0EDAED}.Debug|Any CPU.Build.0 = Debug|Any CPU
		{B0283103-4325-4768-ABE7-83292F0EDAED}.Debug|x64.ActiveCfg = Debug|Any CPU
		{B0283103-4325-4768-ABE7-83292F0EDAED}.Debug|x64.Build.0 = Debug|Any CPU
		{B0283103-4325-4768-ABE7-83292F0EDAED}.Debug|x86.ActiveCfg = Debug|Any CPU
		{B0283103-4325-4768-ABE7-83292F0EDAED}.Debug|x86.Build.0 = Debug|Any CPU
		{B0283103-4325-4768-ABE7-83292F0EDAED}.Release|Any CPU.ActiveCfg = Release|Any CPU
		{B0283103-4325-4768-ABE7-83292F0EDAED}.Release|Any CPU.Build.0 = Release|Any CPU
		{B0283103-4325-4768-ABE7-83292F0EDAED}.Release|x64.ActiveCfg = Release|Any CPU
		{B0283103-4325-4768-ABE7-83292F0EDAED}.Release|x64.Build.0 = Release|Any CPU
		{B0283103-4325-4768-ABE7-83292F0EDAED}.Release|x86.ActiveCfg = Release|Any CPU
		{B0283103-4325-4768-ABE7-83292F0EDAED}.Release|x86.Build.0 = Release|Any CPU
		{FF08BEB6-D4EE-4D55-944C-D8FA2D6C3123}.Debug|Any CPU.ActiveCfg = Debug|Any CPU
		{FF08BEB6-D4EE-4D55-944C-D8FA2D6C3123}.Debug|Any CPU.Build.0 = Debug|Any CPU
		{FF08BEB6-D4EE-4D55-944C-D8FA2D6C3123}.Debug|x64.ActiveCfg = Debug|Any CPU
		{FF08BEB6-D4EE-4D55-944C-D8FA2D6C3123}.Debug|x64.Build.0 = Debug|Any CPU
		{FF08BEB6-D4EE-4D55-944C-D8FA2D6C3123}.Debug|x86.ActiveCfg = Debug|Any CPU
		{FF08BEB6-D4EE-4D55-944C-D8FA2D6C3123}.Debug|x86.Build.0 = Debug|Any CPU
		{FF08BEB6-D4EE-4D55-944C-D8FA2D6C3123}.Release|Any CPU.ActiveCfg = Release|Any CPU
		{FF08BEB6-D4EE-4D55-944C-D8FA2D6C3123}.Release|Any CPU.Build.0 = Release|Any CPU
		{FF08BEB6-D4EE-4D55-944C-D8FA2D6C3123}.Release|x64.ActiveCfg = Release|Any CPU
		{FF08BEB6-D4EE-4D55-944C-D8FA2D6C3123}.Release|x64.Build.0 = Release|Any CPU
		{FF08BEB6-D4EE-4D55-944C-D8FA2D6C3123}.Release|x86.ActiveCfg = Release|Any CPU
		{FF08BEB6-D4EE-4D55-944C-D8FA2D6C3123}.Release|x86.Build.0 = Release|Any CPU
		{237D02D6-2715-44CC-9CDA-6FAD93D7D360}.Debug|Any CPU.ActiveCfg = Debug|Any CPU
		{237D02D6-2715-44CC-9CDA-6FAD93D7D360}.Debug|Any CPU.Build.0 = Debug|Any CPU
		{237D02D6-2715-44CC-9CDA-6FAD93D7D360}.Debug|x64.ActiveCfg = Debug|Any CPU
		{237D02D6-2715-44CC-9CDA-6FAD93D7D360}.Debug|x64.Build.0 = Debug|Any CPU
		{237D02D6-2715-44CC-9CDA-6FAD93D7D360}.Debug|x86.ActiveCfg = Debug|Any CPU
		{237D02D6-2715-44CC-9CDA-6FAD93D7D360}.Debug|x86.Build.0 = Debug|Any CPU
		{237D02D6-2715-44CC-9CDA-6FAD93D7D360}.Release|Any CPU.ActiveCfg = Release|Any CPU
		{237D02D6-2715-44CC-9CDA-6FAD93D7D360}.Release|Any CPU.Build.0 = Release|Any CPU
		{237D02D6-2715-44CC-9CDA-6FAD93D7D360}.Release|x64.ActiveCfg = Release|Any CPU
		{237D02D6-2715-44CC-9CDA-6FAD93D7D360}.Release|x64.Build.0 = Release|Any CPU
		{237D02D6-2715-44CC-9CDA-6FAD93D7D360}.Release|x86.ActiveCfg = Release|Any CPU
		{237D02D6-2715-44CC-9CDA-6FAD93D7D360}.Release|x86.Build.0 = Release|Any CPU
	EndGlobalSection
	GlobalSection(SolutionProperties) = preSolution
		HideSolutionNode = FALSE
	EndGlobalSection
	GlobalSection(NestedProjects) = preSolution
		{5AA06C19-13E2-4E57-BA8D-C9E8E32C53E0} = {B7296D11-F57B-40B1-84D6-DDB50A1ABE46}
		{1CF999E4-D6E6-4D23-97B4-BB7B59217C76} = {B7296D11-F57B-40B1-84D6-DDB50A1ABE46}
		{7B5CB7F2-8CEA-43F9-AC00-08A33928B1DE} = {B7296D11-F57B-40B1-84D6-DDB50A1ABE46}
		{48F4191C-F501-4AB0-AD6F-F7E2E7B8EC48} = {B7296D11-F57B-40B1-84D6-DDB50A1ABE46}
		{613FBF4E-131C-40C9-99D2-3B7EC9CD9696} = {3079F4B0-A001-4992-BB75-C11F95EA1E7C}
		{82F11D55-548A-4A72-8587-B1A7F9265AD7} = {613FBF4E-131C-40C9-99D2-3B7EC9CD9696}
		{2A8581C4-FC03-46AF-A62D-59F339965E80} = {613FBF4E-131C-40C9-99D2-3B7EC9CD9696}
		{8E2A1B5C-6A9E-4436-9EE9-8D8D44B144EA} = {613FBF4E-131C-40C9-99D2-3B7EC9CD9696}
		{B0283103-4325-4768-ABE7-83292F0EDAED} = {613FBF4E-131C-40C9-99D2-3B7EC9CD9696}
		{FF08BEB6-D4EE-4D55-944C-D8FA2D6C3123} = {DF7C36B4-BFA1-4F07-B1C6-FF8713EA6B25}
		{237D02D6-2715-44CC-9CDA-6FAD93D7D360} = {DF7C36B4-BFA1-4F07-B1C6-FF8713EA6B25}
	EndGlobalSection
EndGlobal
